// !$*UTF8*$!
{
	archiveVersion = 1;
	classes = {
	};
	objectVersion = 56;
	objects = {

/* Begin PBXBuildFile section */
		80D41F0B29C8376A002FBBFF /* PosterViewController.swift in Sources */ = {isa = PBXBuildFile; fileRef = 80D41F0A29C8376A002FBBFF /* PosterViewController.swift */; };
		80D41F0D29C837F8002FBBFF /* MovieGridCell.swift in Sources */ = {isa = PBXBuildFile; fileRef = 80D41F0C29C837F8002FBBFF /* MovieGridCell.swift */; };
		80D7D43A29B7BCE100C23198 /* AppDelegate.swift in Sources */ = {isa = PBXBuildFile; fileRef = 80D7D43929B7BCE100C23198 /* AppDelegate.swift */; };
		80D7D43C29B7BCE100C23198 /* SceneDelegate.swift in Sources */ = {isa = PBXBuildFile; fileRef = 80D7D43B29B7BCE100C23198 /* SceneDelegate.swift */; };
		80D7D43E29B7BCE100C23198 /* ViewController.swift in Sources */ = {isa = PBXBuildFile; fileRef = 80D7D43D29B7BCE100C23198 /* ViewController.swift */; };
		80D7D44129B7BCE100C23198 /* Main.storyboard in Resources */ = {isa = PBXBuildFile; fileRef = 80D7D43F29B7BCE100C23198 /* Main.storyboard */; };
		80D7D44329B7BCE200C23198 /* Assets.xcassets in Resources */ = {isa = PBXBuildFile; fileRef = 80D7D44229B7BCE200C23198 /* Assets.xcassets */; };
		80D7D44629B7BCE200C23198 /* LaunchScreen.storyboard in Resources */ = {isa = PBXBuildFile; fileRef = 80D7D44429B7BCE200C23198 /* LaunchScreen.storyboard */; };
		80D7D45329B7C5E300C23198 /* CustomCell.swift in Sources */ = {isa = PBXBuildFile; fileRef = 80D7D45229B7C5E300C23198 /* CustomCell.swift */; };
		80D7D45829B7D5BA00C23198 /* Alamofire in Frameworks */ = {isa = PBXBuildFile; productRef = 80D7D45729B7D5BA00C23198 /* Alamofire */; };
		80D7D45B29B7D5C800C23198 /* AlamofireImage in Frameworks */ = {isa = PBXBuildFile; productRef = 80D7D45A29B7D5C800C23198 /* AlamofireImage */; };
		80D7D45D29B7DC1600C23198 /* MovieDetailsViewController.swift in Sources */ = {isa = PBXBuildFile; fileRef = 80D7D45C29B7DC1600C23198 /* MovieDetailsViewController.swift */; };
/* End PBXBuildFile section */

/* Begin PBXFileReference section */
		80D41F0A29C8376A002FBBFF /* PosterViewController.swift */ = {isa = PBXFileReference; lastKnownFileType = sourcecode.swift; path = PosterViewController.swift; sourceTree = "<group>"; };
		80D41F0C29C837F8002FBBFF /* MovieGridCell.swift */ = {isa = PBXFileReference; lastKnownFileType = sourcecode.swift; path = MovieGridCell.swift; sourceTree = "<group>"; };
		80D7D43629B7BCE100C23198 /* codepath-project2.app */ = {isa = PBXFileReference; explicitFileType = wrapper.application; includeInIndex = 0; path = "codepath-project2.app"; sourceTree = BUILT_PRODUCTS_DIR; };
		80D7D43929B7BCE100C23198 /* AppDelegate.swift */ = {isa = PBXFileReference; lastKnownFileType = sourcecode.swift; path = AppDelegate.swift; sourceTree = "<group>"; };
		80D7D43B29B7BCE100C23198 /* SceneDelegate.swift */ = {isa = PBXFileReference; lastKnownFileType = sourcecode.swift; path = SceneDelegate.swift; sourceTree = "<group>"; };
		80D7D43D29B7BCE100C23198 /* ViewController.swift */ = {isa = PBXFileReference; lastKnownFileType = sourcecode.swift; path = ViewController.swift; sourceTree = "<group>"; };
		80D7D44029B7BCE100C23198 /* Base */ = {isa = PBXFileReference; lastKnownFileType = file.storyboard; name = Base; path = Base.lproj/Main.storyboard; sourceTree = "<group>"; };
		80D7D44229B7BCE200C23198 /* Assets.xcassets */ = {isa = PBXFileReference; lastKnownFileType = folder.assetcatalog; path = Assets.xcassets; sourceTree = "<group>"; };
		80D7D44529B7BCE200C23198 /* Base */ = {isa = PBXFileReference; lastKnownFileType = file.storyboard; name = Base; path = Base.lproj/LaunchScreen.storyboard; sourceTree = "<group>"; };
		80D7D44729B7BCE200C23198 /* Info.plist */ = {isa = PBXFileReference; lastKnownFileType = text.plist.xml; path = Info.plist; sourceTree = "<group>"; };
		80D7D45229B7C5E300C23198 /* CustomCell.swift */ = {isa = PBXFileReference; lastKnownFileType = sourcecode.swift; path = CustomCell.swift; sourceTree = "<group>"; };
		80D7D45C29B7DC1600C23198 /* MovieDetailsViewController.swift */ = {isa = PBXFileReference; lastKnownFileType = sourcecode.swift; path = MovieDetailsViewController.swift; sourceTree = "<group>"; };
/* End PBXFileReference section */

/* Begin PBXFrameworksBuildPhase section */
		80D7D43329B7BCE100C23198 /* Frameworks */ = {
			isa = PBXFrameworksBuildPhase;
			buildActionMask = 2147483647;
			files = (
				80D7D45829B7D5BA00C23198 /* Alamofire in Frameworks */,
				80D7D45B29B7D5C800C23198 /* AlamofireImage in Frameworks */,
			);
			runOnlyForDeploymentPostprocessing = 0;
		};
/* End PBXFrameworksBuildPhase section */

/* Begin PBXGroup section */
		80D7D42D29B7BCE100C23198 = {
			isa = PBXGroup;
			children = (
				80D7D43829B7BCE100C23198 /* codepath-project2 */,
				80D7D43729B7BCE100C23198 /* Products */,
			);
			sourceTree = "<group>";
		};
		80D7D43729B7BCE100C23198 /* Products */ = {
			isa = PBXGroup;
			children = (
				80D7D43629B7BCE100C23198 /* codepath-project2.app */,
			);
			name = Products;
			sourceTree = "<group>";
		};
		80D7D43829B7BCE100C23198 /* codepath-project2 */ = {
			isa = PBXGroup;
			children = (
				80D7D43929B7BCE100C23198 /* AppDelegate.swift */,
				80D7D43B29B7BCE100C23198 /* SceneDelegate.swift */,
				80D7D43D29B7BCE100C23198 /* ViewController.swift */,
				80D7D45C29B7DC1600C23198 /* MovieDetailsViewController.swift */,
				80D7D43F29B7BCE100C23198 /* Main.storyboard */,
				80D7D44229B7BCE200C23198 /* Assets.xcassets */,
				80D7D44429B7BCE200C23198 /* LaunchScreen.storyboard */,
				80D7D44729B7BCE200C23198 /* Info.plist */,
				80D7D45229B7C5E300C23198 /* CustomCell.swift */,
				80D41F0A29C8376A002FBBFF /* PosterViewController.swift */,
				80D41F0C29C837F8002FBBFF /* MovieGridCell.swift */,
			);
			path = "codepath-project2";
			sourceTree = "<group>";
		};
/* End PBXGroup section */

/* Begin PBXNativeTarget section */
		80D7D43529B7BCE100C23198 /* codepath-project2 */ = {
			isa = PBXNativeTarget;
			buildConfigurationList = 80D7D44A29B7BCE200C23198 /* Build configuration list for PBXNativeTarget "codepath-project2" */;
			buildPhases = (
				80D7D43229B7BCE100C23198 /* Sources */,
				80D7D43329B7BCE100C23198 /* Frameworks */,
				80D7D43429B7BCE100C23198 /* Resources */,
			);
			buildRules = (
			);
			dependencies = (
			);
			name = "codepath-project2";
			packageProductDependencies = (
				80D7D45729B7D5BA00C23198 /* Alamofire */,
				80D7D45A29B7D5C800C23198 /* AlamofireImage */,
			);
			productName = "codepath-project2";
			productReference = 80D7D43629B7BCE100C23198 /* codepath-project2.app */;
			productType = "com.apple.product-type.application";
		};
/* End PBXNativeTarget section */

/* Begin PBXProject section */
		80D7D42E29B7BCE100C23198 /* Project object */ = {
			isa = PBXProject;
			attributes = {
				BuildIndependentTargetsInParallel = 1;
				LastSwiftUpdateCheck = 1420;
				LastUpgradeCheck = 1420;
				TargetAttributes = {
					80D7D43529B7BCE100C23198 = {
						CreatedOnToolsVersion = 14.2;
					};
				};
			};
			buildConfigurationList = 80D7D43129B7BCE100C23198 /* Build configuration list for PBXProject "codepath-project2" */;
			compatibilityVersion = "Xcode 14.0";
			developmentRegion = en;
			hasScannedForEncodings = 0;
			knownRegions = (
				en,
				Base,
			);
			mainGroup = 80D7D42D29B7BCE100C23198;
			packageReferences = (
				80D7D45629B7D5BA00C23198 /* XCRemoteSwiftPackageReference "Alamofire" */,
				80D7D45929B7D5C800C23198 /* XCRemoteSwiftPackageReference "AlamofireImage" */,
			);
			productRefGroup = 80D7D43729B7BCE100C23198 /* Products */;
			projectDirPath = "";
			projectRoot = "";
			targets = (
				80D7D43529B7BCE100C23198 /* codepath-project2 */,
			);
		};
/* End PBXProject section */

/* Begin PBXResourcesBuildPhase section */
		80D7D43429B7BCE100C23198 /* Resources */ = {
			isa = PBXResourcesBuildPhase;
			buildActionMask = 2147483647;
			files = (
				80D7D44629B7BCE200C23198 /* LaunchScreen.storyboard in Resources */,
				80D7D44329B7BCE200C23198 /* Assets.xcassets in Resources */,
				80D7D44129B7BCE100C23198 /* Main.storyboard in Resources */,
			);
			runOnlyForDeploymentPostprocessing = 0;
		};
/* End PBXResourcesBuildPhase section */

/* Begin PBXSourcesBuildPhase section */
		80D7D43229B7BCE100C23198 /* Sources */ = {
			isa = PBXSourcesBuildPhase;
			buildActionMask = 2147483647;
			files = (
				80D7D45D29B7DC1600C23198 /* MovieDetailsViewController.swift in Sources */,
				80D7D43E29B7BCE100C23198 /* ViewController.swift in Sources */,
				80D7D43A29B7BCE100C23198 /* AppDelegate.swift in Sources */,
				80D7D45329B7C5E300C23198 /* CustomCell.swift in Sources */,
				80D7D43C29B7BCE100C23198 /* SceneDelegate.swift in Sources */,
				80D41F0B29C8376A002FBBFF /* PosterViewController.swift in Sources */,
				80D41F0D29C837F8002FBBFF /* MovieGridCell.swift in Sources */,
			);
			runOnlyForDeploymentPostprocessing = 0;
		};
/* End PBXSourcesBuildPhase section */

/* Begin PBXVariantGroup section */
		80D7D43F29B7BCE100C23198 /* Main.storyboard */ = {
			isa = PBXVariantGroup;
			children = (
				80D7D44029B7BCE100C23198 /* Base */,
			);
			name = Main.storyboard;
			sourceTree = "<group>";
		};
		80D7D44429B7BCE200C23198 /* LaunchScreen.storyboard */ = {
			isa = PBXVariantGroup;
			children = (
				80D7D44529B7BCE200C23198 /* Base */,
			);
			name = LaunchScreen.storyboard;
			sourceTree = "<group>";
		};
/* End PBXVariantGroup section */

/* Begin XCBuildConfiguration section */
		80D7D44829B7BCE200C23198 /* Debug */ = {
			isa = XCBuildConfiguration;
			buildSettings = {
				ALWAYS_SEARCH_USER_PATHS = NO;
				CLANG_ANALYZER_NONNULL = YES;
				CLANG_ANALYZER_NUMBER_OBJECT_CONVERSION = YES_AGGRESSIVE;
				CLANG_CXX_LANGUAGE_STANDARD = "gnu++20";
				CLANG_ENABLE_MODULES = YES;
				CLANG_ENABLE_OBJC_ARC = YES;
				CLANG_ENABLE_OBJC_WEAK = YES;
				CLANG_WARN_BLOCK_CAPTURE_AUTORELEASING = YES;
				CLANG_WARN_BOOL_CONVERSION = YES;
				CLANG_WARN_COMMA = YES;
				CLANG_WARN_CONSTANT_CONVERSION = YES;
				CLANG_WARN_DEPRECATED_OBJC_IMPLEMENTATIONS = YES;
				CLANG_WARN_DIRECT_OBJC_ISA_USAGE = YES_ERROR;
				CLANG_WARN_DOCUMENTATION_COMMENTS = YES;
				CLANG_WARN_EMPTY_BODY = YES;
				CLANG_WARN_ENUM_CONVERSION = YES;
				CLANG_WARN_INFINITE_RECURSION = YES;
				CLANG_WARN_INT_CONVERSION = YES;
				CLANG_WARN_NON_LITERAL_NULL_CONVERSION = YES;
				CLANG_WARN_OBJC_IMPLICIT_RETAIN_SELF = YES;
				CLANG_WARN_OBJC_LITERAL_CONVERSION = YES;
				CLANG_WARN_OBJC_ROOT_CLASS = YES_ERROR;
				CLANG_WARN_QUOTED_INCLUDE_IN_FRAMEWORK_HEADER = YES;
				CLANG_WARN_RANGE_LOOP_ANALYSIS = YES;
				CLANG_WARN_STRICT_PROTOTYPES = YES;
				CLANG_WARN_SUSPICIOUS_MOVE = YES;
				CLANG_WARN_UNGUARDED_AVAILABILITY = YES_AGGRESSIVE;
				CLANG_WARN_UNREACHABLE_CODE = YES;
				CLANG_WARN__DUPLICATE_METHOD_MATCH = YES;
				COPY_PHASE_STRIP = NO;
				DEBUG_INFORMATION_FORMAT = dwarf;
				ENABLE_STRICT_OBJC_MSGSEND = YES;
				ENABLE_TESTABILITY = YES;
				GCC_C_LANGUAGE_STANDARD = gnu11;
				GCC_DYNAMIC_NO_PIC = NO;
				GCC_NO_COMMON_BLOCKS = YES;
				GCC_OPTIMIZATION_LEVEL = 0;
				GCC_PREPROCESSOR_DEFINITIONS = (
					"DEBUG=1",
					"$(inherited)",
				);
				GCC_WARN_64_TO_32_BIT_CONVERSION = YES;
				GCC_WARN_ABOUT_RETURN_TYPE = YES_ERROR;
				GCC_WARN_UNDECLARED_SELECTOR = YES;
				GCC_WARN_UNINITIALIZED_AUTOS = YES_AGGRESSIVE;
				GCC_WARN_UNUSED_FUNCTION = YES;
				GCC_WARN_UNUSED_VARIABLE = YES;
				IPHONEOS_DEPLOYMENT_TARGET = 16.2;
				MTL_ENABLE_DEBUG_INFO = INCLUDE_SOURCE;
				MTL_FAST_MATH = YES;
				ONLY_ACTIVE_ARCH = YES;
				SDKROOT = iphoneos;
				SWIFT_ACTIVE_COMPILATION_CONDITIONS = DEBUG;
				SWIFT_OPTIMIZATION_LEVEL = "-Onone";
			};
			name = Debug;
		};
		80D7D44929B7BCE200C23198 /* Release */ = {
			isa = XCBuildConfiguration;
			buildSettings = {
				ALWAYS_SEARCH_USER_PATHS = NO;
				CLANG_ANALYZER_NONNULL = YES;
				CLANG_ANALYZER_NUMBER_OBJECT_CONVERSION = YES_AGGRESSIVE;
				CLANG_CXX_LANGUAGE_STANDARD = "gnu++20";
				CLANG_ENABLE_MODULES = YES;
				CLANG_ENABLE_OBJC_ARC = YES;
				CLANG_ENABLE_OBJC_WEAK = YES;
				CLANG_WARN_BLOCK_CAPTURE_AUTORELEASING = YES;
				CLANG_WARN_BOOL_CONVERSION = YES;
				CLANG_WARN_COMMA = YES;
				CLANG_WARN_CONSTANT_CONVERSION = YES;
				CLANG_WARN_DEPRECATED_OBJC_IMPLEMENTATIONS = YES;
				CLANG_WARN_DIRECT_OBJC_ISA_USAGE = YES_ERROR;
				CLANG_WARN_DOCUMENTATION_COMMENTS = YES;
				CLANG_WARN_EMPTY_BODY = YES;
				CLANG_WARN_ENUM_CONVERSION = YES;
				CLANG_WARN_INFINITE_RECURSION = YES;
				CLANG_WARN_INT_CONVERSION = YES;
				CLANG_WARN_NON_LITERAL_NULL_CONVERSION = YES;
				CLANG_WARN_OBJC_IMPLICIT_RETAIN_SELF = YES;
				CLANG_WARN_OBJC_LITERAL_CONVERSION = YES;
				CLANG_WARN_OBJC_ROOT_CLASS = YES_ERROR;
				CLANG_WARN_QUOTED_INCLUDE_IN_FRAMEWORK_HEADER = YES;
				CLANG_WARN_RANGE_LOOP_ANALYSIS = YES;
				CLANG_WARN_STRICT_PROTOTYPES = YES;
				CLANG_WARN_SUSPICIOUS_MOVE = YES;
				CLANG_WARN_UNGUARDED_AVAILABILITY = YES_AGGRESSIVE;
				CLANG_WARN_UNREACHABLE_CODE = YES;
				CLANG_WARN__DUPLICATE_METHOD_MATCH = YES;
				COPY_PHASE_STRIP = NO;
				DEBUG_INFORMATION_FORMAT = "dwarf-with-dsym";
				ENABLE_NS_ASSERTIONS = NO;
				ENABLE_STRICT_OBJC_MSGSEND = YES;
				GCC_C_LANGUAGE_STANDARD = gnu11;
				GCC_NO_COMMON_BLOCKS = YES;
				GCC_WARN_64_TO_32_BIT_CONVERSION = YES;
				GCC_WARN_ABOUT_RETURN_TYPE = YES_ERROR;
				GCC_WARN_UNDECLARED_SELECTOR = YES;
				GCC_WARN_UNINITIALIZED_AUTOS = YES_AGGRESSIVE;
				GCC_WARN_UNUSED_FUNCTION = YES;
				GCC_WARN_UNUSED_VARIABLE = YES;
				IPHONEOS_DEPLOYMENT_TARGET = 16.2;
				MTL_ENABLE_DEBUG_INFO = NO;
				MTL_FAST_MATH = YES;
				SDKROOT = iphoneos;
				SWIFT_COMPILATION_MODE = wholemodule;
				SWIFT_OPTIMIZATION_LEVEL = "-O";
				VALIDATE_PRODUCT = YES;
			};
			name = Release;
		};
		80D7D44B29B7BCE200C23198 /* Debug */ = {
			isa = XCBuildConfiguration;
			buildSettings = {
				ASSETCATALOG_COMPILER_APPICON_NAME = AppIcon;
				ASSETCATALOG_COMPILER_GLOBAL_ACCENT_COLOR_NAME = AccentColor;
				ASSETCATALOG_COMPILER_INCLUDE_ALL_APPICON_ASSETS = NO;
				CODE_SIGN_STYLE = Automatic;
				CURRENT_PROJECT_VERSION = 1;
				DEVELOPMENT_TEAM = 8LX2UKX6SY;
				GENERATE_INFOPLIST_FILE = YES;
				INFOPLIST_FILE = "codepath-project2/Info.plist";
				INFOPLIST_KEY_CFBundleDisplayName = "Flixter Clone";
				INFOPLIST_KEY_UIApplicationSupportsIndirectInputEvents = YES;
				INFOPLIST_KEY_UILaunchStoryboardName = LaunchScreen;
				INFOPLIST_KEY_UIMainStoryboardFile = Main;
				INFOPLIST_KEY_UISupportedInterfaceOrientations_iPad = "UIInterfaceOrientationPortrait UIInterfaceOrientationPortraitUpsideDown UIInterfaceOrientationLandscapeLeft UIInterfaceOrientationLandscapeRight";
				INFOPLIST_KEY_UISupportedInterfaceOrientations_iPhone = "UIInterfaceOrientationPortrait UIInterfaceOrientationLandscapeLeft UIInterfaceOrientationLandscapeRight";
				LD_RUNPATH_SEARCH_PATHS = (
					"$(inherited)",
					"@executable_path/Frameworks",
				);
				MARKETING_VERSION = 1.0;
				PRODUCT_BUNDLE_IDENTIFIER = "vaibhavrajani.codepath-project2";
				PRODUCT_NAME = "$(TARGET_NAME)";
				SWIFT_EMIT_LOC_STRINGS = YES;
				SWIFT_VERSION = 5.0;
				TARGETED_DEVICE_FAMILY = "1,2";
			};
			name = Debug;
		};
		80D7D44C29B7BCE200C23198 /* Release */ = {
			isa = XCBuildConfiguration;
			buildSettings = {
				ASSETCATALOG_COMPILER_APPICON_NAME = AppIcon;
				ASSETCATALOG_COMPILER_GLOBAL_ACCENT_COLOR_NAME = AccentColor;
				ASSETCATALOG_COMPILER_INCLUDE_ALL_APPICON_ASSETS = NO;
				CODE_SIGN_STYLE = Automatic;
				CURRENT_PROJECT_VERSION = 1;
				DEVELOPMENT_TEAM = 8LX2UKX6SY;
				GENERATE_INFOPLIST_FILE = YES;
				INFOPLIST_FILE = "codepath-project2/Info.plist";
				INFOPLIST_KEY_CFBundleDisplayName = "Flixter Clone";
				INFOPLIST_KEY_UIApplicationSupportsIndirectInputEvents = YES;
				INFOPLIST_KEY_UILaunchStoryboardName = LaunchScreen;
				INFOPLIST_KEY_UIMainStoryboardFile = Main;
				INFOPLIST_KEY_UISupportedInterfaceOrientations_iPad = "UIInterfaceOrientationPortrait UIInterfaceOrientationPortraitUpsideDown UIInterfaceOrientationLandscapeLeft UIInterfaceOrientationLandscapeRight";
				INFOPLIST_KEY_UISupportedInterfaceOrientations_iPhone = "UIInterfaceOrientationPortrait UIInterfaceOrientationLandscapeLeft UIInterfaceOrientationLandscapeRight";
				LD_RUNPATH_SEARCH_PATHS = (
					"$(inherited)",
					"@executable_path/Frameworks",
				);
				MARKETING_VERSION = 1.0;
				PRODUCT_BUNDLE_IDENTIFIER = "vaibhavrajani.codepath-project2";
				PRODUCT_NAME = "$(TARGET_NAME)";
				SWIFT_EMIT_LOC_STRINGS = YES;
				SWIFT_VERSION = 5.0;
				TARGETED_DEVICE_FAMILY = "1,2";
			};
			name = Release;
		};
/* End XCBuildConfiguration section */

/* Begin XCConfigurationList section */
		80D7D43129B7BCE100C23198 /* Build configuration list for PBXProject "codepath-project2" */ = {
			isa = XCConfigurationList;
			buildConfigurations = (
				80D7D44829B7BCE200C23198 /* Debug */,
				80D7D44929B7BCE200C23198 /* Release */,
			);
			defaultConfigurationIsVisible = 0;
			defaultConfigurationName = Release;
		};
		80D7D44A29B7BCE200C23198 /* Build configuration list for PBXNativeTarget "codepath-project2" */ = {
			isa = XCConfigurationList;
			buildConfigurations = (
				80D7D44B29B7BCE200C23198 /* Debug */,
				80D7D44C29B7BCE200C23198 /* Release */,
			);
			defaultConfigurationIsVisible = 0;
			defaultConfigurationName = Release;
		};
/* End XCConfigurationList section */

/* Begin XCRemoteSwiftPackageReference section */
		80D7D45629B7D5BA00C23198 /* XCRemoteSwiftPackageReference "Alamofire" */ = {
			isa = XCRemoteSwiftPackageReference;
			repositoryURL = "https://github.com/Alamofire/Alamofire.git";
			requirement = {
				kind = upToNextMajorVersion;
				minimumVersion = 5.0.0;
			};
		};
		80D7D45929B7D5C800C23198 /* XCRemoteSwiftPackageReference "AlamofireImage" */ = {
			isa = XCRemoteSwiftPackageReference;
			repositoryURL = "https://github.com/Alamofire/AlamofireImage.git";
			requirement = {
				branch = master;
				kind = branch;
			};
		};
/* End XCRemoteSwiftPackageReference section */

/* Begin XCSwiftPackageProductDependency section */
		80D7D45729B7D5BA00C23198 /* Alamofire */ = {
			isa = XCSwiftPackageProductDependency;
			package = 80D7D45629B7D5BA00C23198 /* XCRemoteSwiftPackageReference "Alamofire" */;
			productName = Alamofire;
		};
		80D7D45A29B7D5C800C23198 /* AlamofireImage */ = {
			isa = XCSwiftPackageProductDependency;
			package = 80D7D45929B7D5C800C23198 /* XCRemoteSwiftPackageReference "AlamofireImage" */;
			productName = AlamofireImage;
		};
/* End XCSwiftPackageProductDependency section */
	};
	rootObject = 80D7D42E29B7BCE100C23198 /* Project object */;
}
